
Microsoft Visual Studio Solution File, Format Version 12.00
# Visual Studio Version 17
VisualStudioVersion = 17.10.35027.167
MinimumVisualStudioVersion = 10.0.40219.1
Project("{FAE04EC0-301F-11D3-BF4B-00C04F79EFBC}") = "Lab1", "Lab1.csproj", "{56324B87-DB7B-4271-BC88-3D791FD15631}"
EndProject
Global
	GlobalSection(SolutionConfigurationPlatforms) = preSolution
		Debug|Any CPU = Debug|Any CPU
		Release|Any CPU = Release|Any CPU
	EndGlobalSection
	GlobalSection(ProjectConfigurationPlatforms) = postSolution
		{56324B87-DB7B-4271-BC88-3D791FD15631}.Debug|Any CPU.ActiveCfg = Debug|Any CPU
		{56324B87-DB7B-4271-BC88-3D791FD15631}.Debug|Any CPU.Build.0 = Debug|Any CPU
		{56324B87-DB7B-4271-BC88-3D791FD15631}.Release|Any CPU.ActiveCfg = Release|Any CPU
		{56324B87-DB7B-4271-BC88-3D791FD15631}.Release|Any CPU.Build.0 = Release|Any CPU
	EndGlobalSection
	GlobalSection(SolutionProperties) = preSolution
		HideSolutionNode = FALSE
	EndGlobalSection
	GlobalSection(ExtensibilityGlobals) = postSolution
		SolutionGuid = {7E43BB18-FBBF-4D08-88D1-E57C1355EE3D}
	EndGlobalSection
EndGlobal
